// !$*UTF8*$!
{
	archiveVersion = 1;
	classes = {
	};
	objectVersion = 51;
	objects = {

/* Begin PBXBuildFile section */
		09CE073824403147002148B8 /* AppDelegate.swift in Sources */ = {isa = PBXBuildFile; fileRef = 09CE073724403147002148B8 /* AppDelegate.swift */; };
		09CE073A24403147002148B8 /* SceneDelegate.swift in Sources */ = {isa = PBXBuildFile; fileRef = 09CE073924403147002148B8 /* SceneDelegate.swift */; };
		09CE073C24403147002148B8 /* ContentView.swift in Sources */ = {isa = PBXBuildFile; fileRef = 09CE073B24403147002148B8 /* ContentView.swift */; };
		09CE073E24403148002148B8 /* Assets.xcassets in Resources */ = {isa = PBXBuildFile; fileRef = 09CE073D24403148002148B8 /* Assets.xcassets */; };
		09CE074124403148002148B8 /* Preview Assets.xcassets in Resources */ = {isa = PBXBuildFile; fileRef = 09CE074024403148002148B8 /* Preview Assets.xcassets */; };
		09CE074424403148002148B8 /* LaunchScreen.storyboard in Resources */ = {isa = PBXBuildFile; fileRef = 09CE074224403148002148B8 /* LaunchScreen.storyboard */; };
		66C325C0760618E5A7430A75 /* Pods_OhayoukenchanNoPlayground.framework in Frameworks */ = {isa = PBXBuildFile; fileRef = 2847A69E8866E046E28DD9BF /* Pods_OhayoukenchanNoPlayground.framework */; };
/* End PBXBuildFile section */

/* Begin PBXFileReference section */
		09CE073424403147002148B8 /* OhayoukenchanNoPlayground.app */ = {isa = PBXFileReference; explicitFileType = wrapper.application; includeInIndex = 0; path = OhayoukenchanNoPlayground.app; sourceTree = BUILT_PRODUCTS_DIR; };
		09CE073724403147002148B8 /* AppDelegate.swift */ = {isa = PBXFileReference; lastKnownFileType = sourcecode.swift; path = AppDelegate.swift; sourceTree = "<group>"; };
		09CE073924403147002148B8 /* SceneDelegate.swift */ = {isa = PBXFileReference; lastKnownFileType = sourcecode.swift; path = SceneDelegate.swift; sourceTree = "<group>"; };
		09CE073B24403147002148B8 /* ContentView.swift */ = {isa = PBXFileReference; lastKnownFileType = sourcecode.swift; path = ContentView.swift; sourceTree = "<group>"; };
		09CE073D24403148002148B8 /* Assets.xcassets */ = {isa = PBXFileReference; lastKnownFileType = folder.assetcatalog; path = Assets.xcassets; sourceTree = "<group>"; };
		09CE074024403148002148B8 /* Preview Assets.xcassets */ = {isa = PBXFileReference; lastKnownFileType = folder.assetcatalog; path = "Preview Assets.xcassets"; sourceTree = "<group>"; };
		09CE074324403148002148B8 /* Base */ = {isa = PBXFileReference; lastKnownFileType = file.storyboard; name = Base; path = Base.lproj/LaunchScreen.storyboard; sourceTree = "<group>"; };
		09CE074524403148002148B8 /* Info.plist */ = {isa = PBXFileReference; lastKnownFileType = text.plist.xml; path = Info.plist; sourceTree = "<group>"; };
		2847A69E8866E046E28DD9BF /* Pods_OhayoukenchanNoPlayground.framework */ = {isa = PBXFileReference; explicitFileType = wrapper.framework; includeInIndex = 0; path = Pods_OhayoukenchanNoPlayground.framework; sourceTree = BUILT_PRODUCTS_DIR; };
		72DB12B2E13D0DF63E7B301D /* Pods-OhayoukenchanNoPlayground.debug.xcconfig */ = {isa = PBXFileReference; includeInIndex = 1; lastKnownFileType = text.xcconfig; name = "Pods-OhayoukenchanNoPlayground.debug.xcconfig"; path = "Target Support Files/Pods-OhayoukenchanNoPlayground/Pods-OhayoukenchanNoPlayground.debug.xcconfig"; sourceTree = "<group>"; };
		93E4ABD4A14A1D5B1004C89B /* Pods-OhayoukenchanNoPlayground.release.xcconfig */ = {isa = PBXFileReference; includeInIndex = 1; lastKnownFileType = text.xcconfig; name = "Pods-OhayoukenchanNoPlayground.release.xcconfig"; path = "Target Support Files/Pods-OhayoukenchanNoPlayground/Pods-OhayoukenchanNoPlayground.release.xcconfig"; sourceTree = "<group>"; };
/* End PBXFileReference section */

/* Begin PBXFrameworksBuildPhase section */
		09CE073124403147002148B8 /* Frameworks */ = {
			isa = PBXFrameworksBuildPhase;
			buildActionMask = 2147483647;
			files = (
				66C325C0760618E5A7430A75 /* Pods_OhayoukenchanNoPlayground.framework in Frameworks */,
			);
			runOnlyForDeploymentPostprocessing = 0;
		};
/* End PBXFrameworksBuildPhase section */

/* Begin PBXGroup section */
		09CE072B24403147002148B8 = {
			isa = PBXGroup;
			children = (
				09CE073624403147002148B8 /* OhayoukenchanNoPlayground */,
				09CE073524403147002148B8 /* Products */,
				987D888C56D639CA617B6A2A /* Pods */,
				8623204A6C48D9894431BC0C /* Frameworks */,
			);
			sourceTree = "<group>";
		};
		09CE073524403147002148B8 /* Products */ = {
			isa = PBXGroup;
			children = (
				09CE073424403147002148B8 /* OhayoukenchanNoPlayground.app */,
			);
			name = Products;
			sourceTree = "<group>";
		};
		09CE073624403147002148B8 /* OhayoukenchanNoPlayground */ = {
			isa = PBXGroup;
			children = (
				09CE073724403147002148B8 /* AppDelegate.swift */,
				09CE073924403147002148B8 /* SceneDelegate.swift */,
				09CE073B24403147002148B8 /* ContentView.swift */,
				09CE073D24403148002148B8 /* Assets.xcassets */,
				09CE074224403148002148B8 /* LaunchScreen.storyboard */,
				09CE074524403148002148B8 /* Info.plist */,
				09CE073F24403148002148B8 /* Preview Content */,
			);
			path = OhayoukenchanNoPlayground;
			sourceTree = "<group>";
		};
		09CE073F24403148002148B8 /* Preview Content */ = {
			isa = PBXGroup;
			children = (
				09CE074024403148002148B8 /* Preview Assets.xcassets */,
			);
			path = "Preview Content";
			sourceTree = "<group>";
		};
		8623204A6C48D9894431BC0C /* Frameworks */ = {
			isa = PBXGroup;
			children = (
				2847A69E8866E046E28DD9BF /* Pods_OhayoukenchanNoPlayground.framework */,
			);
			name = Frameworks;
			sourceTree = "<group>";
		};
		987D888C56D639CA617B6A2A /* Pods */ = {
			isa = PBXGroup;
			children = (
				72DB12B2E13D0DF63E7B301D /* Pods-OhayoukenchanNoPlayground.debug.xcconfig */,
				93E4ABD4A14A1D5B1004C89B /* Pods-OhayoukenchanNoPlayground.release.xcconfig */,
			);
			path = Pods;
			sourceTree = "<group>";
		};
/* End PBXGroup section */

/* Begin PBXNativeTarget section */
		09CE073324403147002148B8 /* OhayoukenchanNoPlayground */ = {
			isa = PBXNativeTarget;
			buildConfigurationList = 09CE074824403148002148B8 /* Build configuration list for PBXNativeTarget "OhayoukenchanNoPlayground" */;
			buildPhases = (
				DE978A0506A6C4AC76B6CBE6 /* [CP] Check Pods Manifest.lock */,
				09CE073024403147002148B8 /* Sources */,
				09CE073124403147002148B8 /* Frameworks */,
				09CE073224403147002148B8 /* Resources */,
				38504F83360902CAF2BE0E7C /* [CP] Embed Pods Frameworks */,
			);
			buildRules = (
			);
			dependencies = (
			);
			name = OhayoukenchanNoPlayground;
			productName = OhayoukenchanNoPlayground;
			productReference = 09CE073424403147002148B8 /* OhayoukenchanNoPlayground.app */;
			productType = "com.apple.product-type.application";
		};
/* End PBXNativeTarget section */

/* Begin PBXProject section */
		09CE072C24403147002148B8 /* Project object */ = {
			isa = PBXProject;
			attributes = {
				LastSwiftUpdateCheck = 1130;
				LastUpgradeCheck = 1130;
				ORGANIZATIONNAME = " ohayoukenchan";
				TargetAttributes = {
					09CE073324403147002148B8 = {
						CreatedOnToolsVersion = 11.3.1;
					};
				};
			};
			buildConfigurationList = 09CE072F24403147002148B8 /* Build configuration list for PBXProject "OhayoukenchanNoPlayground" */;
			compatibilityVersion = "Xcode 9.3";
			developmentRegion = en;
			hasScannedForEncodings = 0;
			knownRegions = (
				en,
				Base,
			);
			mainGroup = 09CE072B24403147002148B8;
			productRefGroup = 09CE073524403147002148B8 /* Products */;
			projectDirPath = "";
			projectRoot = "";
			targets = (
				09CE073324403147002148B8 /* OhayoukenchanNoPlayground */,
			);
		};
/* End PBXProject section */

/* Begin PBXResourcesBuildPhase section */
		09CE073224403147002148B8 /* Resources */ = {
			isa = PBXResourcesBuildPhase;
			buildActionMask = 2147483647;
			files = (
				09CE074424403148002148B8 /* LaunchScreen.storyboard in Resources */,
				09CE074124403148002148B8 /* Preview Assets.xcassets in Resources */,
				09CE073E24403148002148B8 /* Assets.xcassets in Resources */,
			);
			runOnlyForDeploymentPostprocessing = 0;
		};
/* End PBXResourcesBuildPhase section */

/* Begin PBXShellScriptBuildPhase section */
		38504F83360902CAF2BE0E7C /* [CP] Embed Pods Frameworks */ = {
			isa = PBXShellScriptBuildPhase;
			buildActionMask = 2147483647;
			files = (
			);
			inputFileListPaths = (
				"${PODS_ROOT}/Target Support Files/Pods-OhayoukenchanNoPlayground/Pods-OhayoukenchanNoPlayground-frameworks-${CONFIGURATION}-input-files.xcfilelist",
			);
			name = "[CP] Embed Pods Frameworks";
			outputFileListPaths = (
				"${PODS_ROOT}/Target Support Files/Pods-OhayoukenchanNoPlayground/Pods-OhayoukenchanNoPlayground-frameworks-${CONFIGURATION}-output-files.xcfilelist",
			);
			runOnlyForDeploymentPostprocessing = 0;
			shellPath = /bin/sh;
			shellScript = "\"${PODS_ROOT}/Target Support Files/Pods-OhayoukenchanNoPlayground/Pods-OhayoukenchanNoPlayground-frameworks.sh\"\n";
			showEnvVarsInLog = 0;
		};
		DE978A0506A6C4AC76B6CBE6 /* [CP] Check Pods Manifest.lock */ = {
			isa = PBXShellScriptBuildPhase;
			buildActionMask = 2147483647;
			files = (
			);
			inputFileListPaths = (
			);
			inputPaths = (
				"${PODS_PODFILE_DIR_PATH}/Podfile.lock",
				"${PODS_ROOT}/Manifest.lock",
			);
			name = "[CP] Check Pods Manifest.lock";
			outputFileListPaths = (
			);
			outputPaths = (
				"$(DERIVED_FILE_DIR)/Pods-OhayoukenchanNoPlayground-checkManifestLockResult.txt",
			);
			runOnlyForDeploymentPostprocessing = 0;
			shellPath = /bin/sh;
			shellScript = "diff \"${PODS_PODFILE_DIR_PATH}/Podfile.lock\" \"${PODS_ROOT}/Manifest.lock\" > /dev/null\nif [ $? != 0 ] ; then\n    # print error to STDERR\n    echo \"error: The sandbox is not in sync with the Podfile.lock. Run 'pod install' or update your CocoaPods installation.\" >&2\n    exit 1\nfi\n# This output is used by Xcode 'outputs' to avoid re-running this script phase.\necho \"SUCCESS\" > \"${SCRIPT_OUTPUT_FILE_0}\"\n";
			showEnvVarsInLog = 0;
		};
/* End PBXShellScriptBuildPhase section */

/* Begin PBXSourcesBuildPhase section */
		09CE073024403147002148B8 /* Sources */ = {
			isa = PBXSourcesBuildPhase;
			buildActionMask = 2147483647;
			files = (
				09CE073824403147002148B8 /* AppDelegate.swift in Sources */,
				09CE073A24403147002148B8 /* SceneDelegate.swift in Sources */,
				09CE073C24403147002148B8 /* ContentView.swift in Sources */,
			);
			runOnlyForDeploymentPostprocessing = 0;
		};
/* End PBXSourcesBuildPhase section */

/* Begin PBXVariantGroup section */
		09CE074224403148002148B8 /* LaunchScreen.storyboard */ = {
			isa = PBXVariantGroup;
			children = (
				09CE074324403148002148B8 /* Base */,
			);
			name = LaunchScreen.storyboard;
			sourceTree = "<group>";
		};
/* End PBXVariantGroup section */

/* Begin XCBuildConfiguration section */
		09CE074624403148002148B8 /* Debug */ = {
			isa = XCBuildConfiguration;
			buildSettings = {
				ALWAYS_SEARCH_USER_PATHS = NO;
				CLANG_ANALYZER_NONNULL = YES;
				CLANG_ANALYZER_NUMBER_OBJECT_CONVERSION = YES_AGGRESSIVE;
				CLANG_CXX_LANGUAGE_STANDARD = "gnu++14";
				CLANG_CXX_LIBRARY = "libc++";
				CLANG_ENABLE_MODULES = YES;
				CLANG_ENABLE_OBJC_ARC = YES;
				CLANG_ENABLE_OBJC_WEAK = YES;
				CLANG_WARN_BLOCK_CAPTURE_AUTORELEASING = YES;
				CLANG_WARN_BOOL_CONVERSION = YES;
				CLANG_WARN_COMMA = YES;
				CLANG_WARN_CONSTANT_CONVERSION = YES;
				CLANG_WARN_DEPRECATED_OBJC_IMPLEMENTATIONS = YES;
				CLANG_WARN_DIRECT_OBJC_ISA_USAGE = YES_ERROR;
				CLANG_WARN_DOCUMENTATION_COMMENTS = YES;
				CLANG_WARN_EMPTY_BODY = YES;
				CLANG_WARN_ENUM_CONVERSION = YES;
				CLANG_WARN_INFINITE_RECURSION = YES;
				CLANG_WARN_INT_CONVERSION = YES;
				CLANG_WARN_NON_LITERAL_NULL_CONVERSION = YES;
				CLANG_WARN_OBJC_IMPLICIT_RETAIN_SELF = YES;
				CLANG_WARN_OBJC_LITERAL_CONVERSION = YES;
				CLANG_WARN_OBJC_ROOT_CLASS = YES_ERROR;
				CLANG_WARN_RANGE_LOOP_ANALYSIS = YES;
				CLANG_WARN_STRICT_PROTOTYPES = YES;
				CLANG_WARN_SUSPICIOUS_MOVE = YES;
				CLANG_WARN_UNGUARDED_AVAILABILITY = YES_AGGRESSIVE;
				CLANG_WARN_UNREACHABLE_CODE = YES;
				CLANG_WARN__DUPLICATE_METHOD_MATCH = YES;
				COPY_PHASE_STRIP = NO;
				DEBUG_INFORMATION_FORMAT = dwarf;
				ENABLE_STRICT_OBJC_MSGSEND = YES;
				ENABLE_TESTABILITY = YES;
				GCC_C_LANGUAGE_STANDARD = gnu11;
				GCC_DYNAMIC_NO_PIC = NO;
				GCC_NO_COMMON_BLOCKS = YES;
				GCC_OPTIMIZATION_LEVEL = 0;
				GCC_PREPROCESSOR_DEFINITIONS = (
					"DEBUG=1",
					"$(inherited)",
				);
				GCC_WARN_64_TO_32_BIT_CONVERSION = YES;
				GCC_WARN_ABOUT_RETURN_TYPE = YES_ERROR;
				GCC_WARN_UNDECLARED_SELECTOR = YES;
				GCC_WARN_UNINITIALIZED_AUTOS = YES_AGGRESSIVE;
				GCC_WARN_UNUSED_FUNCTION = YES;
				GCC_WARN_UNUSED_VARIABLE = YES;
				IPHONEOS_DEPLOYMENT_TARGET = 13.2;
				MTL_ENABLE_DEBUG_INFO = INCLUDE_SOURCE;
				MTL_FAST_MATH = YES;
				ONLY_ACTIVE_ARCH = YES;
				SDKROOT = iphoneos;
				SWIFT_ACTIVE_COMPILATION_CONDITIONS = DEBUG;
				SWIFT_OPTIMIZATION_LEVEL = "-Onone";
			};
			name = Debug;
		};
		09CE074724403148002148B8 /* Release */ = {
			isa = XCBuildConfiguration;
			buildSettings = {
				ALWAYS_SEARCH_USER_PATHS = NO;
				CLANG_ANALYZER_NONNULL = YES;
				CLANG_ANALYZER_NUMBER_OBJECT_CONVERSION = YES_AGGRESSIVE;
				CLANG_CXX_LANGUAGE_STANDARD = "gnu++14";
				CLANG_CXX_LIBRARY = "libc++";
				CLANG_ENABLE_MODULES = YES;
				CLANG_ENABLE_OBJC_ARC = YES;
				CLANG_ENABLE_OBJC_WEAK = YES;
				CLANG_WARN_BLOCK_CAPTURE_AUTORELEASING = YES;
				CLANG_WARN_BOOL_CONVERSION = YES;
				CLANG_WARN_COMMA = YES;
				CLANG_WARN_CONSTANT_CONVERSION = YES;
				CLANG_WARN_DEPRECATED_OBJC_IMPLEMENTATIONS = YES;
				CLANG_WARN_DIRECT_OBJC_ISA_USAGE = YES_ERROR;
				CLANG_WARN_DOCUMENTATION_COMMENTS = YES;
				CLANG_WARN_EMPTY_BODY = YES;
				CLANG_WARN_ENUM_CONVERSION = YES;
				CLANG_WARN_INFINITE_RECURSION = YES;
				CLANG_WARN_INT_CONVERSION = YES;
				CLANG_WARN_NON_LITERAL_NULL_CONVERSION = YES;
				CLANG_WARN_OBJC_IMPLICIT_RETAIN_SELF = YES;
				CLANG_WARN_OBJC_LITERAL_CONVERSION = YES;
				CLANG_WARN_OBJC_ROOT_CLASS = YES_ERROR;
				CLANG_WARN_RANGE_LOOP_ANALYSIS = YES;
				CLANG_WARN_STRICT_PROTOTYPES = YES;
				CLANG_WARN_SUSPICIOUS_MOVE = YES;
				CLANG_WARN_UNGUARDED_AVAILABILITY = YES_AGGRESSIVE;
				CLANG_WARN_UNREACHABLE_CODE = YES;
				CLANG_WARN__DUPLICATE_METHOD_MATCH = YES;
				COPY_PHASE_STRIP = NO;
				DEBUG_INFORMATION_FORMAT = "dwarf-with-dsym";
				ENABLE_NS_ASSERTIONS = NO;
				ENABLE_STRICT_OBJC_MSGSEND = YES;
				GCC_C_LANGUAGE_STANDARD = gnu11;
				GCC_NO_COMMON_BLOCKS = YES;
				GCC_WARN_64_TO_32_BIT_CONVERSION = YES;
				GCC_WARN_ABOUT_RETURN_TYPE = YES_ERROR;
				GCC_WARN_UNDECLARED_SELECTOR = YES;
				GCC_WARN_UNINITIALIZED_AUTOS = YES_AGGRESSIVE;
				GCC_WARN_UNUSED_FUNCTION = YES;
				GCC_WARN_UNUSED_VARIABLE = YES;
				IPHONEOS_DEPLOYMENT_TARGET = 13.2;
				MTL_ENABLE_DEBUG_INFO = NO;
				MTL_FAST_MATH = YES;
				SDKROOT = iphoneos;
				SWIFT_COMPILATION_MODE = wholemodule;
				SWIFT_OPTIMIZATION_LEVEL = "-O";
				VALIDATE_PRODUCT = YES;
			};
			name = Release;
		};
		09CE074924403148002148B8 /* Debug */ = {
			isa = XCBuildConfiguration;
			baseConfigurationReference = 72DB12B2E13D0DF63E7B301D /* Pods-OhayoukenchanNoPlayground.debug.xcconfig */;
			buildSettings = {
				ASSETCATALOG_COMPILER_APPICON_NAME = AppIcon;
				CODE_SIGN_STYLE = Automatic;
				DEVELOPMENT_ASSET_PATHS = "\"OhayoukenchanNoPlayground/Preview Content\"";
				DEVELOPMENT_TEAM = KV543JV76H;
				ENABLE_PREVIEWS = YES;
				INFOPLIST_FILE = OhayoukenchanNoPlayground/Info.plist;
				LD_RUNPATH_SEARCH_PATHS = (
					"$(inherited)",
					"@executable_path/Frameworks",
				);
				PRODUCT_BUNDLE_IDENTIFIER = com.ohayoukenchan.swiftUIEXample.OhayoukenchanNoPlayground;
				PRODUCT_NAME = "$(TARGET_NAME)";
				SWIFT_VERSION = 5.0;
				TARGETED_DEVICE_FAMILY = "1,2";
			};
			name = Debug;
		};
		09CE074A24403148002148B8 /* Release */ = {
			isa = XCBuildConfiguration;
			baseConfigurationReference = 93E4ABD4A14A1D5B1004C89B /* Pods-OhayoukenchanNoPlayground.release.xcconfig */;
			buildSettings = {
				ASSETCATALOG_COMPILER_APPICON_NAME = AppIcon;
				CODE_SIGN_STYLE = Automatic;
				DEVELOPMENT_ASSET_PATHS = "\"OhayoukenchanNoPlayground/Preview Content\"";
				DEVELOPMENT_TEAM = KV543JV76H;
				ENABLE_PREVIEWS = YES;
				INFOPLIST_FILE = OhayoukenchanNoPlayground/Info.plist;
				LD_RUNPATH_SEARCH_PATHS = (
					"$(inherited)",
					"@executable_path/Frameworks",
				);
				PRODUCT_BUNDLE_IDENTIFIER = com.ohayoukenchan.swiftUIEXample.OhayoukenchanNoPlayground;
				PRODUCT_NAME = "$(TARGET_NAME)";
				SWIFT_VERSION = 5.0;
				TARGETED_DEVICE_FAMILY = "1,2";
			};
			name = Release;
		};
/* End XCBuildConfiguration section */

/* Begin XCConfigurationList section */
		09CE072F24403147002148B8 /* Build configuration list for PBXProject "OhayoukenchanNoPlayground" */ = {
			isa = XCConfigurationList;
			buildConfigurations = (
				09CE074624403148002148B8 /* Debug */,
				09CE074724403148002148B8 /* Release */,
			);
			defaultConfigurationIsVisible = 0;
			defaultConfigurationName = Release;
		};
		09CE074824403148002148B8 /* Build configuration list for PBXNativeTarget "OhayoukenchanNoPlayground" */ = {
			isa = XCConfigurationList;
			buildConfigurations = (
				09CE074924403148002148B8 /* Debug */,
				09CE074A24403148002148B8 /* Release */,
			);
			defaultConfigurationIsVisible = 0;
			defaultConfigurationName = Release;
		};
/* End XCConfigurationList section */
	};
	rootObject = 09CE072C24403147002148B8 /* Project object */;
}
